
Microsoft Visual Studio Solution File, Format Version 12.00
# Visual Studio 15
VisualStudioVersion = 15.0.28307.1062
MinimumVisualStudioVersion = 10.0.40219.1
Project("{F184B08F-C81C-45F6-A57F-5ABD9991F28F}") = "ScintelliVB", "ScintelliVB\ScintelliVB.vbproj", "{58E8224E-0417-42E0-B359-A5BE41BB78A9}"
EndProject
Project("{F184B08F-C81C-45F6-A57F-5ABD9991F28F}") = "Test", "Test\Test.vbproj", "{719EF6BC-939D-4453-B787-6840F2924871}"
EndProject
Global
	GlobalSection(SolutionConfigurationPlatforms) = preSolution
		Debug|Any CPU = Debug|Any CPU
		Release|Any CPU = Release|Any CPU
	EndGlobalSection
	GlobalSection(ProjectConfigurationPlatforms) = postSolution
		{58E8224E-0417-42E0-B359-A5BE41BB78A9}.Debug|Any CPU.ActiveCfg = Debug|Any CPU
		{58E8224E-0417-42E0-B359-A5BE41BB78A9}.Debug|Any CPU.Build.0 = Debug|Any CPU
		{58E8224E-0417-42E0-B359-A5BE41BB78A9}.Release|Any CPU.ActiveCfg = Release|Any CPU
		{58E8224E-0417-42E0-B359-A5BE41BB78A9}.Release|Any CPU.Build.0 = Release|Any CPU
		{719EF6BC-939D-4453-B787-6840F2924871}.Debug|Any CPU.ActiveCfg = Debug|Any CPU
		{719EF6BC-939D-4453-B787-6840F2924871}.Debug|Any CPU.Build.0 = Debug|Any CPU
		{719EF6BC-939D-4453-B787-6840F2924871}.Release|Any CPU.ActiveCfg = Release|Any CPU
		{719EF6BC-939D-4453-B787-6840F2924871}.Release|Any CPU.Build.0 = Release|Any CPU
	EndGlobalSection
	GlobalSection(SolutionProperties) = preSolution
		HideSolutionNode = FALSE
	EndGlobalSection
	GlobalSection(ExtensibilityGlobals) = postSolution
		SolutionGuid = {78F21150-8631-4E61-BB9E-27B4A51C66E7}
	EndGlobalSection
EndGlobal
